lockfileVersion: '6.0'

settings:
  autoInstallPeers: true
  excludeLinksFromLockfile: false

devDependencies:
  '@edge-runtime/vm':
    specifier: ^3.2.0
    version: 3.2.0

packages:

  /@edge-runtime/primitives@4.1.0:
    resolution: {integrity: sha512-Vw0lbJ2lvRUqc7/soqygUX216Xb8T3WBZ987oywz6aJqRxcwSVWwr9e+Nqo2m9bxobA9mdbWNNoRY6S9eko1EQ==}
    engines: {node: '>=16'}
    dev: true

  /@edge-runtime/vm@3.2.0:
    resolution: {integrity: sha512-0dEVyRLM/lG4gp1R/Ik5bfPl/1wX00xFwd5KcNH602tzBa09oF7pbTKETEhR1GjZ75K6OJnYFu8II2dyMhONMw==}
    engines: {node: '>=16'}
    dependencies:
      '@edge-runtime/primitives': 4.1.0
    dev: true
